# THIS IS AN AUTOGENERATED FILE. DO NOT EDIT THIS FILE DIRECTLY.
# yarn lockfile v1


prettier-plugin-tailwindcss@^0.5.11:
  version "0.5.11"
  resolved "https://registry.yarnpkg.com/prettier-plugin-tailwindcss/-/prettier-plugin-tailwindcss-0.5.11.tgz#1aa9308c3285b3cb7942aaeaec8d0e0775ac54d0"
  integrity sha512-AvI/DNyMctyyxGOjyePgi/gqj5hJYClZ1avtQvLlqMT3uDZkRbi4HhGUpok3DRzv9z7Lti85Kdj3s3/1CeNI0w==

prettier@^3.2.5:
  version "3.2.5"
  resolved "https://registry.yarnpkg.com/prettier/-/prettier-3.2.5.tgz#e52bc3090586e824964a8813b09aba6233b28368"
  integrity sha512-3/GWa9aOC0YeD7LUfvOG2NiDyhOWRvt1k+rcKhOuYnMY24iiCphgneUfJDyFXd6rZCAnuLBv6UeAULtrhT/F4A==
